// !$*UTF8*$!
{
	archiveVersion = 1;
	classes = {
	};
	objectVersion = 46;
	objects = {

/* Begin PBXBuildFile section */
		9C22A8C81DB9AB72001E4F3E /* CoreLocation.framework in Frameworks */ = {isa = PBXBuildFile; fileRef = 9C22A8C71DB9AB72001E4F3E /* CoreLocation.framework */; };
		9C317C921DB65A9B00C56143 /* main.m in Sources */ = {isa = PBXBuildFile; fileRef = 9C317C911DB65A9B00C56143 /* main.m */; };
		9C317C951DB65A9B00C56143 /* AppDelegate.m in Sources */ = {isa = PBXBuildFile; fileRef = 9C317C941DB65A9B00C56143 /* AppDelegate.m */; };
		9C317C9B1DB65A9B00C56143 /* Main.storyboard in Resources */ = {isa = PBXBuildFile; fileRef = 9C317C991DB65A9B00C56143 /* Main.storyboard */; };
		9C317C9D1DB65A9B00C56143 /* Assets.xcassets in Resources */ = {isa = PBXBuildFile; fileRef = 9C317C9C1DB65A9B00C56143 /* Assets.xcassets */; };
		9C317CA01DB65A9B00C56143 /* LaunchScreen.storyboard in Resources */ = {isa = PBXBuildFile; fileRef = 9C317C9E1DB65A9B00C56143 /* LaunchScreen.storyboard */; };
		9C317CAB1DB65A9C00C56143 /* CNN_Weather_TestTests.m in Sources */ = {isa = PBXBuildFile; fileRef = 9C317CAA1DB65A9C00C56143 /* CNN_Weather_TestTests.m */; };
		9C317CB61DB65A9C00C56143 /* CNN_Weather_TestUITests.m in Sources */ = {isa = PBXBuildFile; fileRef = 9C317CB51DB65A9C00C56143 /* CNN_Weather_TestUITests.m */; };
		9C317CC81DB65D0800C56143 /* CWTWeatherReportTableViewTableViewController.m in Sources */ = {isa = PBXBuildFile; fileRef = 9C317CC71DB65D0800C56143 /* CWTWeatherReportTableViewTableViewController.m */; };
		9C37AF7F1DB906EF007D10B7 /* CWTWeatherSetup.m in Sources */ = {isa = PBXBuildFile; fileRef = 9C37AF7E1DB906EF007D10B7 /* CWTWeatherSetup.m */; };
		9C37AF821DB90705007D10B7 /* CWTWeatherDataPull.m in Sources */ = {isa = PBXBuildFile; fileRef = 9C37AF811DB90705007D10B7 /* CWTWeatherDataPull.m */; };
		9C37AF8C1DB90814007D10B7 /* CWTHeaderView.m in Sources */ = {isa = PBXBuildFile; fileRef = 9C37AF8B1DB90814007D10B7 /* CWTHeaderView.m */; };
		9C37AF8F1DB90825007D10B7 /* CWTCellTableViewCell.m in Sources */ = {isa = PBXBuildFile; fileRef = 9C37AF8E1DB90825007D10B7 /* CWTCellTableViewCell.m */; };
		9C37AF921DB9083F007D10B7 /* CWTDetailViewViewController.m in Sources */ = {isa = PBXBuildFile; fileRef = 9C37AF911DB9083F007D10B7 /* CWTDetailViewViewController.m */; };
		9C37AF951DB908DF007D10B7 /* CWTData.m in Sources */ = {isa = PBXBuildFile; fileRef = 9C37AF941DB908DF007D10B7 /* CWTData.m */; };
/* End PBXBuildFile section */

/* Begin PBXContainerItemProxy section */
		9C317CA71DB65A9C00C56143 /* PBXContainerItemProxy */ = {
			isa = PBXContainerItemProxy;
			containerPortal = 9C317C851DB65A9B00C56143 /* Project object */;
			proxyType = 1;
			remoteGlobalIDString = 9C317C8C1DB65A9B00C56143;
			remoteInfo = "CNN Weather Test";
		};
		9C317CB21DB65A9C00C56143 /* PBXContainerItemProxy */ = {
			isa = PBXContainerItemProxy;
			containerPortal = 9C317C851DB65A9B00C56143 /* Project object */;
			proxyType = 1;
			remoteGlobalIDString = 9C317C8C1DB65A9B00C56143;
			remoteInfo = "CNN Weather Test";
		};
/* End PBXContainerItemProxy section */

/* Begin PBXFileReference section */
		9C22A8C71DB9AB72001E4F3E /* CoreLocation.framework */ = {isa = PBXFileReference; lastKnownFileType = wrapper.framework; name = CoreLocation.framework; path = System/Library/Frameworks/CoreLocation.framework; sourceTree = SDKROOT; };
		9C317C8D1DB65A9B00C56143 /* CNN Weather Test.app */ = {isa = PBXFileReference; explicitFileType = wrapper.application; includeInIndex = 0; path = "CNN Weather Test.app"; sourceTree = BUILT_PRODUCTS_DIR; };
		9C317C911DB65A9B00C56143 /* main.m */ = {isa = PBXFileReference; lastKnownFileType = sourcecode.c.objc; path = main.m; sourceTree = "<group>"; };
		9C317C931DB65A9B00C56143 /* AppDelegate.h */ = {isa = PBXFileReference; lastKnownFileType = sourcecode.c.h; path = AppDelegate.h; sourceTree = "<group>"; };
		9C317C941DB65A9B00C56143 /* AppDelegate.m */ = {isa = PBXFileReference; lastKnownFileType = sourcecode.c.objc; path = AppDelegate.m; sourceTree = "<group>"; };
		9C317C9A1DB65A9B00C56143 /* Base */ = {isa = PBXFileReference; lastKnownFileType = file.storyboard; name = Base; path = Base.lproj/Main.storyboard; sourceTree = "<group>"; };
		9C317C9C1DB65A9B00C56143 /* Assets.xcassets */ = {isa = PBXFileReference; lastKnownFileType = folder.assetcatalog; path = Assets.xcassets; sourceTree = "<group>"; };
		9C317C9F1DB65A9B00C56143 /* Base */ = {isa = PBXFileReference; lastKnownFileType = file.storyboard; name = Base; path = Base.lproj/LaunchScreen.storyboard; sourceTree = "<group>"; };
		9C317CA11DB65A9B00C56143 /* Info.plist */ = {isa = PBXFileReference; lastKnownFileType = text.plist.xml; path = Info.plist; sourceTree = "<group>"; };
		9C317CA61DB65A9C00C56143 /* CNN Weather TestTests.xctest */ = {isa = PBXFileReference; explicitFileType = wrapper.cfbundle; includeInIndex = 0; path = "CNN Weather TestTests.xctest"; sourceTree = BUILT_PRODUCTS_DIR; };
		9C317CAA1DB65A9C00C56143 /* CNN_Weather_TestTests.m */ = {isa = PBXFileReference; lastKnownFileType = sourcecode.c.objc; path = CNN_Weather_TestTests.m; sourceTree = "<group>"; };
		9C317CAC1DB65A9C00C56143 /* Info.plist */ = {isa = PBXFileReference; lastKnownFileType = text.plist.xml; path = Info.plist; sourceTree = "<group>"; };
		9C317CB11DB65A9C00C56143 /* CNN Weather TestUITests.xctest */ = {isa = PBXFileReference; explicitFileType = wrapper.cfbundle; includeInIndex = 0; path = "CNN Weather TestUITests.xctest"; sourceTree = BUILT_PRODUCTS_DIR; };
		9C317CB51DB65A9C00C56143 /* CNN_Weather_TestUITests.m */ = {isa = PBXFileReference; lastKnownFileType = sourcecode.c.objc; path = CNN_Weather_TestUITests.m; sourceTree = "<group>"; };
		9C317CB71DB65A9C00C56143 /* Info.plist */ = {isa = PBXFileReference; lastKnownFileType = text.plist.xml; path = Info.plist; sourceTree = "<group>"; };
		9C317CC61DB65D0800C56143 /* CWTWeatherReportTableViewTableViewController.h */ = {isa = PBXFileReference; fileEncoding = 4; lastKnownFileType = sourcecode.c.h; path = CWTWeatherReportTableViewTableViewController.h; sourceTree = "<group>"; };
		9C317CC71DB65D0800C56143 /* CWTWeatherReportTableViewTableViewController.m */ = {isa = PBXFileReference; fileEncoding = 4; lastKnownFileType = sourcecode.c.objc; path = CWTWeatherReportTableViewTableViewController.m; sourceTree = "<group>"; };
		9C37AF7D1DB906EF007D10B7 /* CWTWeatherSetup.h */ = {isa = PBXFileReference; fileEncoding = 4; lastKnownFileType = sourcecode.c.h; path = CWTWeatherSetup.h; sourceTree = "<group>"; };
		9C37AF7E1DB906EF007D10B7 /* CWTWeatherSetup.m */ = {isa = PBXFileReference; fileEncoding = 4; lastKnownFileType = sourcecode.c.objc; path = CWTWeatherSetup.m; sourceTree = "<group>"; };
		9C37AF801DB90705007D10B7 /* CWTWeatherDataPull.h */ = {isa = PBXFileReference; fileEncoding = 4; lastKnownFileType = sourcecode.c.h; path = CWTWeatherDataPull.h; sourceTree = "<group>"; };
		9C37AF811DB90705007D10B7 /* CWTWeatherDataPull.m */ = {isa = PBXFileReference; fileEncoding = 4; lastKnownFileType = sourcecode.c.objc; path = CWTWeatherDataPull.m; sourceTree = "<group>"; };
		9C37AF8A1DB90814007D10B7 /* CWTHeaderView.h */ = {isa = PBXFileReference; fileEncoding = 4; lastKnownFileType = sourcecode.c.h; path = CWTHeaderView.h; sourceTree = "<group>"; };
		9C37AF8B1DB90814007D10B7 /* CWTHeaderView.m */ = {isa = PBXFileReference; fileEncoding = 4; lastKnownFileType = sourcecode.c.objc; path = CWTHeaderView.m; sourceTree = "<group>"; };
		9C37AF8D1DB90825007D10B7 /* CWTCellTableViewCell.h */ = {isa = PBXFileReference; fileEncoding = 4; lastKnownFileType = sourcecode.c.h; path = CWTCellTableViewCell.h; sourceTree = "<group>"; };
		9C37AF8E1DB90825007D10B7 /* CWTCellTableViewCell.m */ = {isa = PBXFileReference; fileEncoding = 4; lastKnownFileType = sourcecode.c.objc; path = CWTCellTableViewCell.m; sourceTree = "<group>"; };
		9C37AF901DB9083F007D10B7 /* CWTDetailViewViewController.h */ = {isa = PBXFileReference; fileEncoding = 4; lastKnownFileType = sourcecode.c.h; path = CWTDetailViewViewController.h; sourceTree = "<group>"; };
		9C37AF911DB9083F007D10B7 /* CWTDetailViewViewController.m */ = {isa = PBXFileReference; fileEncoding = 4; lastKnownFileType = sourcecode.c.objc; path = CWTDetailViewViewController.m; sourceTree = "<group>"; };
		9C37AF931DB908DF007D10B7 /* CWTData.h */ = {isa = PBXFileReference; fileEncoding = 4; lastKnownFileType = sourcecode.c.h; path = CWTData.h; sourceTree = "<group>"; };
		9C37AF941DB908DF007D10B7 /* CWTData.m */ = {isa = PBXFileReference; fileEncoding = 4; lastKnownFileType = sourcecode.c.objc; path = CWTData.m; sourceTree = "<group>"; };
/* End PBXFileReference section */

/* Begin PBXFrameworksBuildPhase section */
		9C317C8A1DB65A9B00C56143 /* Frameworks */ = {
			isa = PBXFrameworksBuildPhase;
			buildActionMask = 2147483647;
			files = (
				9C22A8C81DB9AB72001E4F3E /* CoreLocation.framework in Frameworks */,
			);
			runOnlyForDeploymentPostprocessing = 0;
		};
		9C317CA31DB65A9C00C56143 /* Frameworks */ = {
			isa = PBXFrameworksBuildPhase;
			buildActionMask = 2147483647;
			files = (
			);
			runOnlyForDeploymentPostprocessing = 0;
		};
		9C317CAE1DB65A9C00C56143 /* Frameworks */ = {
			isa = PBXFrameworksBuildPhase;
			buildActionMask = 2147483647;
			files = (
			);
			runOnlyForDeploymentPostprocessing = 0;
		};
/* End PBXFrameworksBuildPhase section */

/* Begin PBXGroup section */
		9C22A8C61DB9AB72001E4F3E /* Frameworks */ = {
			isa = PBXGroup;
			children = (
				9C22A8C71DB9AB72001E4F3E /* CoreLocation.framework */,
			);
			name = Frameworks;
			sourceTree = "<group>";
		};
		9C317C841DB65A9B00C56143 = {
			isa = PBXGroup;
			children = (
				9C317C8F1DB65A9B00C56143 /* CNN Weather Test */,
				9C317CA91DB65A9C00C56143 /* CNN Weather TestTests */,
				9C317CB41DB65A9C00C56143 /* CNN Weather TestUITests */,
				9C317C8E1DB65A9B00C56143 /* Products */,
				9C22A8C61DB9AB72001E4F3E /* Frameworks */,
			);
			sourceTree = "<group>";
		};
		9C317C8E1DB65A9B00C56143 /* Products */ = {
			isa = PBXGroup;
			children = (
				9C317C8D1DB65A9B00C56143 /* CNN Weather Test.app */,
				9C317CA61DB65A9C00C56143 /* CNN Weather TestTests.xctest */,
				9C317CB11DB65A9C00C56143 /* CNN Weather TestUITests.xctest */,
			);
			name = Products;
			sourceTree = "<group>";
		};
		9C317C8F1DB65A9B00C56143 /* CNN Weather Test */ = {
			isa = PBXGroup;
			children = (
				9C317C931DB65A9B00C56143 /* AppDelegate.h */,
				9C317C941DB65A9B00C56143 /* AppDelegate.m */,
				9C317CC61DB65D0800C56143 /* CWTWeatherReportTableViewTableViewController.h */,
				9C317CC71DB65D0800C56143 /* CWTWeatherReportTableViewTableViewController.m */,
				9C37AF901DB9083F007D10B7 /* CWTDetailViewViewController.h */,
				9C37AF911DB9083F007D10B7 /* CWTDetailViewViewController.m */,
				9C37AF891DB907ED007D10B7 /* Views */,
				9C37AF791DB906A7007D10B7 /* Functions */,
				9C37AF931DB908DF007D10B7 /* CWTData.h */,
				9C37AF941DB908DF007D10B7 /* CWTData.m */,
				9C317C991DB65A9B00C56143 /* Main.storyboard */,
				9C317C9C1DB65A9B00C56143 /* Assets.xcassets */,
				9C317C9E1DB65A9B00C56143 /* LaunchScreen.storyboard */,
				9C317CA11DB65A9B00C56143 /* Info.plist */,
				9C317C901DB65A9B00C56143 /* Supporting Files */,
			);
			path = "CNN Weather Test";
			sourceTree = "<group>";
		};
		9C317C901DB65A9B00C56143 /* Supporting Files */ = {
			isa = PBXGroup;
			children = (
				9C317C911DB65A9B00C56143 /* main.m */,
			);
			name = "Supporting Files";
			sourceTree = "<group>";
		};
		9C317CA91DB65A9C00C56143 /* CNN Weather TestTests */ = {
			isa = PBXGroup;
			children = (
				9C317CAA1DB65A9C00C56143 /* CNN_Weather_TestTests.m */,
				9C317CAC1DB65A9C00C56143 /* Info.plist */,
			);
			path = "CNN Weather TestTests";
			sourceTree = "<group>";
		};
		9C317CB41DB65A9C00C56143 /* CNN Weather TestUITests */ = {
			isa = PBXGroup;
			children = (
				9C317CB51DB65A9C00C56143 /* CNN_Weather_TestUITests.m */,
				9C317CB71DB65A9C00C56143 /* Info.plist */,
			);
			path = "CNN Weather TestUITests";
			sourceTree = "<group>";
		};
		9C37AF791DB906A7007D10B7 /* Functions */ = {
			isa = PBXGroup;
			children = (
				9C37AF7D1DB906EF007D10B7 /* CWTWeatherSetup.h */,
				9C37AF7E1DB906EF007D10B7 /* CWTWeatherSetup.m */,
				9C37AF801DB90705007D10B7 /* CWTWeatherDataPull.h */,
				9C37AF811DB90705007D10B7 /* CWTWeatherDataPull.m */,
			);
			name = Functions;
			sourceTree = "<group>";
		};
		9C37AF891DB907ED007D10B7 /* Views */ = {
			isa = PBXGroup;
			children = (
				9C37AF8A1DB90814007D10B7 /* CWTHeaderView.h */,
				9C37AF8B1DB90814007D10B7 /* CWTHeaderView.m */,
				9C37AF8D1DB90825007D10B7 /* CWTCellTableViewCell.h */,
				9C37AF8E1DB90825007D10B7 /* CWTCellTableViewCell.m */,
			);
			name = Views;
			sourceTree = "<group>";
		};
/* End PBXGroup section */

/* Begin PBXNativeTarget section */
		9C317C8C1DB65A9B00C56143 /* CNN Weather Test */ = {
			isa = PBXNativeTarget;
			buildConfigurationList = 9C317CBA1DB65A9C00C56143 /* Build configuration list for PBXNativeTarget "CNN Weather Test" */;
			buildPhases = (
				9C317C891DB65A9B00C56143 /* Sources */,
				9C317C8A1DB65A9B00C56143 /* Frameworks */,
				9C317C8B1DB65A9B00C56143 /* Resources */,
			);
			buildRules = (
			);
			dependencies = (
			);
			name = "CNN Weather Test";
			productName = "CNN Weather Test";
			productReference = 9C317C8D1DB65A9B00C56143 /* CNN Weather Test.app */;
			productType = "com.apple.product-type.application";
		};
		9C317CA51DB65A9C00C56143 /* CNN Weather TestTests */ = {
			isa = PBXNativeTarget;
			buildConfigurationList = 9C317CBD1DB65A9C00C56143 /* Build configuration list for PBXNativeTarget "CNN Weather TestTests" */;
			buildPhases = (
				9C317CA21DB65A9C00C56143 /* Sources */,
				9C317CA31DB65A9C00C56143 /* Frameworks */,
				9C317CA41DB65A9C00C56143 /* Resources */,
			);
			buildRules = (
			);
			dependencies = (
				9C317CA81DB65A9C00C56143 /* PBXTargetDependency */,
			);
			name = "CNN Weather TestTests";
			productName = "CNN Weather TestTests";
			productReference = 9C317CA61DB65A9C00C56143 /* CNN Weather TestTests.xctest */;
			productType = "com.apple.product-type.bundle.unit-test";
		};
		9C317CB01DB65A9C00C56143 /* CNN Weather TestUITests */ = {
			isa = PBXNativeTarget;
			buildConfigurationList = 9C317CC01DB65A9C00C56143 /* Build configuration list for PBXNativeTarget "CNN Weather TestUITests" */;
			buildPhases = (
				9C317CAD1DB65A9C00C56143 /* Sources */,
				9C317CAE1DB65A9C00C56143 /* Frameworks */,
				9C317CAF1DB65A9C00C56143 /* Resources */,
			);
			buildRules = (
			);
			dependencies = (
				9C317CB31DB65A9C00C56143 /* PBXTargetDependency */,
			);
			name = "CNN Weather TestUITests";
			productName = "CNN Weather TestUITests";
			productReference = 9C317CB11DB65A9C00C56143 /* CNN Weather TestUITests.xctest */;
			productType = "com.apple.product-type.bundle.ui-testing";
		};
/* End PBXNativeTarget section */

/* Begin PBXProject section */
		9C317C851DB65A9B00C56143 /* Project object */ = {
			isa = PBXProject;
			attributes = {
				LastUpgradeCheck = 0800;
				ORGANIZATIONNAME = "TJ Mercer";
				TargetAttributes = {
					9C317C8C1DB65A9B00C56143 = {
						CreatedOnToolsVersion = 8.0;
						ProvisioningStyle = Automatic;
					};
					9C317CA51DB65A9C00C56143 = {
						CreatedOnToolsVersion = 8.0;
						ProvisioningStyle = Automatic;
						TestTargetID = 9C317C8C1DB65A9B00C56143;
					};
					9C317CB01DB65A9C00C56143 = {
						CreatedOnToolsVersion = 8.0;
						ProvisioningStyle = Automatic;
						TestTargetID = 9C317C8C1DB65A9B00C56143;
					};
				};
			};
			buildConfigurationList = 9C317C881DB65A9B00C56143 /* Build configuration list for PBXProject "CNN Weather Test" */;
			compatibilityVersion = "Xcode 3.2";
			developmentRegion = English;
			hasScannedForEncodings = 0;
			knownRegions = (
				en,
				Base,
			);
			mainGroup = 9C317C841DB65A9B00C56143;
			productRefGroup = 9C317C8E1DB65A9B00C56143 /* Products */;
			projectDirPath = "";
			projectRoot = "";
			targets = (
				9C317C8C1DB65A9B00C56143 /* CNN Weather Test */,
				9C317CA51DB65A9C00C56143 /* CNN Weather TestTests */,
				9C317CB01DB65A9C00C56143 /* CNN Weather TestUITests */,
			);
		};
/* End PBXProject section */

/* Begin PBXResourcesBuildPhase section */
		9C317C8B1DB65A9B00C56143 /* Resources */ = {
			isa = PBXResourcesBuildPhase;
			buildActionMask = 2147483647;
			files = (
				9C317CA01DB65A9B00C56143 /* LaunchScreen.storyboard in Resources */,
				9C317C9D1DB65A9B00C56143 /* Assets.xcassets in Resources */,
				9C317C9B1DB65A9B00C56143 /* Main.storyboard in Resources */,
			);
			runOnlyForDeploymentPostprocessing = 0;
		};
		9C317CA41DB65A9C00C56143 /* Resources */ = {
			isa = PBXResourcesBuildPhase;
			buildActionMask = 2147483647;
			files = (
			);
			runOnlyForDeploymentPostprocessing = 0;
		};
		9C317CAF1DB65A9C00C56143 /* Resources */ = {
			isa = PBXResourcesBuildPhase;
			buildActionMask = 2147483647;
			files = (
			);
			runOnlyForDeploymentPostprocessing = 0;
		};
/* End PBXResourcesBuildPhase section */

/* Begin PBXSourcesBuildPhase section */
		9C317C891DB65A9B00C56143 /* Sources */ = {
			isa = PBXSourcesBuildPhase;
			buildActionMask = 2147483647;
			files = (
				9C317C951DB65A9B00C56143 /* AppDelegate.m in Sources */,
				9C317CC81DB65D0800C56143 /* CWTWeatherReportTableViewTableViewController.m in Sources */,
				9C37AF8F1DB90825007D10B7 /* CWTCellTableViewCell.m in Sources */,
				9C37AF821DB90705007D10B7 /* CWTWeatherDataPull.m in Sources */,
				9C37AF7F1DB906EF007D10B7 /* CWTWeatherSetup.m in Sources */,
				9C317C921DB65A9B00C56143 /* main.m in Sources */,
				9C37AF8C1DB90814007D10B7 /* CWTHeaderView.m in Sources */,
				9C37AF951DB908DF007D10B7 /* CWTData.m in Sources */,
				9C37AF921DB9083F007D10B7 /* CWTDetailViewViewController.m in Sources */,
			);
			runOnlyForDeploymentPostprocessing = 0;
		};
		9C317CA21DB65A9C00C56143 /* Sources */ = {
			isa = PBXSourcesBuildPhase;
			buildActionMask = 2147483647;
			files = (
				9C317CAB1DB65A9C00C56143 /* CNN_Weather_TestTests.m in Sources */,
			);
			runOnlyForDeploymentPostprocessing = 0;
		};
		9C317CAD1DB65A9C00C56143 /* Sources */ = {
			isa = PBXSourcesBuildPhase;
			buildActionMask = 2147483647;
			files = (
				9C317CB61DB65A9C00C56143 /* CNN_Weather_TestUITests.m in Sources */,
			);
			runOnlyForDeploymentPostprocessing = 0;
		};
/* End PBXSourcesBuildPhase section */

/* Begin PBXTargetDependency section */
		9C317CA81DB65A9C00C56143 /* PBXTargetDependency */ = {
			isa = PBXTargetDependency;
			target = 9C317C8C1DB65A9B00C56143 /* CNN Weather Test */;
			targetProxy = 9C317CA71DB65A9C00C56143 /* PBXContainerItemProxy */;
		};
		9C317CB31DB65A9C00C56143 /* PBXTargetDependency */ = {
			isa = PBXTargetDependency;
			target = 9C317C8C1DB65A9B00C56143 /* CNN Weather Test */;
			targetProxy = 9C317CB21DB65A9C00C56143 /* PBXContainerItemProxy */;
		};
/* End PBXTargetDependency section */

/* Begin PBXVariantGroup section */
		9C317C991DB65A9B00C56143 /* Main.storyboard */ = {
			isa = PBXVariantGroup;
			children = (
				9C317C9A1DB65A9B00C56143 /* Base */,
			);
			name = Main.storyboard;
			sourceTree = "<group>";
		};
		9C317C9E1DB65A9B00C56143 /* LaunchScreen.storyboard */ = {
			isa = PBXVariantGroup;
			children = (
				9C317C9F1DB65A9B00C56143 /* Base */,
			);
			name = LaunchScreen.storyboard;
			sourceTree = "<group>";
		};
/* End PBXVariantGroup section */

/* Begin XCBuildConfiguration section */
		9C317CB81DB65A9C00C56143 /* Debug */ = {
			isa = XCBuildConfiguration;
			buildSettings = {
				ALWAYS_SEARCH_USER_PATHS = NO;
				CLANG_ANALYZER_NONNULL = YES;
				CLANG_CXX_LANGUAGE_STANDARD = "gnu++0x";
				CLANG_CXX_LIBRARY = "libc++";
				CLANG_ENABLE_MODULES = YES;
				CLANG_ENABLE_OBJC_ARC = YES;
				CLANG_WARN_BOOL_CONVERSION = YES;
				CLANG_WARN_CONSTANT_CONVERSION = YES;
				CLANG_WARN_DIRECT_OBJC_ISA_USAGE = YES_ERROR;
				CLANG_WARN_DOCUMENTATION_COMMENTS = YES;
				CLANG_WARN_EMPTY_BODY = YES;
				CLANG_WARN_ENUM_CONVERSION = YES;
				CLANG_WARN_INFINITE_RECURSION = YES;
				CLANG_WARN_INT_CONVERSION = YES;
				CLANG_WARN_OBJC_ROOT_CLASS = YES_ERROR;
				CLANG_WARN_SUSPICIOUS_MOVES = YES;
				CLANG_WARN_UNREACHABLE_CODE = YES;
				CLANG_WARN__DUPLICATE_METHOD_MATCH = YES;
				"CODE_SIGN_IDENTITY[sdk=iphoneos*]" = "iPhone Developer";
				COPY_PHASE_STRIP = NO;
				DEBUG_INFORMATION_FORMAT = dwarf;
				ENABLE_STRICT_OBJC_MSGSEND = YES;
				ENABLE_TESTABILITY = YES;
				GCC_C_LANGUAGE_STANDARD = gnu99;
				GCC_DYNAMIC_NO_PIC = NO;
				GCC_NO_COMMON_BLOCKS = YES;
				GCC_OPTIMIZATION_LEVEL = 0;
				GCC_PREPROCESSOR_DEFINITIONS = (
					"DEBUG=1",
					"$(inherited)",
				);
				GCC_WARN_64_TO_32_BIT_CONVERSION = YES;
				GCC_WARN_ABOUT_RETURN_TYPE = YES_ERROR;
				GCC_WARN_UNDECLARED_SELECTOR = YES;
				GCC_WARN_UNINITIALIZED_AUTOS = YES_AGGRESSIVE;
				GCC_WARN_UNUSED_FUNCTION = YES;
				GCC_WARN_UNUSED_VARIABLE = YES;
				IPHONEOS_DEPLOYMENT_TARGET = 10.0;
				MTL_ENABLE_DEBUG_INFO = YES;
				ONLY_ACTIVE_ARCH = YES;
				SDKROOT = iphoneos;
				TARGETED_DEVICE_FAMILY = "1,2";
			};
			name = Debug;
		};
		9C317CB91DB65A9C00C56143 /* Release */ = {
			isa = XCBuildConfiguration;
			buildSettings = {
				ALWAYS_SEARCH_USER_PATHS = NO;
				CLANG_ANALYZER_NONNULL = YES;
				CLANG_CXX_LANGUAGE_STANDARD = "gnu++0x";
				CLANG_CXX_LIBRARY = "libc++";
				CLANG_ENABLE_MODULES = YES;
				CLANG_ENABLE_OBJC_ARC = YES;
				CLANG_WARN_BOOL_CONVERSION = YES;
				CLANG_WARN_CONSTANT_CONVERSION = YES;
				CLANG_WARN_DIRECT_OBJC_ISA_USAGE = YES_ERROR;
				CLANG_WARN_DOCUMENTATION_COMMENTS = YES;
				CLANG_WARN_EMPTY_BODY = YES;
				CLANG_WARN_ENUM_CONVERSION = YES;
				CLANG_WARN_INFINITE_RECURSION = YES;
				CLANG_WARN_INT_CONVERSION = YES;
				CLANG_WARN_OBJC_ROOT_CLASS = YES_ERROR;
				CLANG_WARN_SUSPICIOUS_MOVES = YES;
				CLANG_WARN_UNREACHABLE_CODE = YES;
				CLANG_WARN__DUPLICATE_METHOD_MATCH = YES;
				"CODE_SIGN_IDENTITY[sdk=iphoneos*]" = "iPhone Developer";
				COPY_PHASE_STRIP = NO;
				DEBUG_INFORMATION_FORMAT = "dwarf-with-dsym";
				ENABLE_NS_ASSERTIONS = NO;
				ENABLE_STRICT_OBJC_MSGSEND = YES;
				GCC_C_LANGUAGE_STANDARD = gnu99;
				GCC_NO_COMMON_BLOCKS = YES;
				GCC_WARN_64_TO_32_BIT_CONVERSION = YES;
				GCC_WARN_ABOUT_RETURN_TYPE = YES_ERROR;
				GCC_WARN_UNDECLARED_SELECTOR = YES;
				GCC_WARN_UNINITIALIZED_AUTOS = YES_AGGRESSIVE;
				GCC_WARN_UNUSED_FUNCTION = YES;
				GCC_WARN_UNUSED_VARIABLE = YES;
				IPHONEOS_DEPLOYMENT_TARGET = 10.0;
				MTL_ENABLE_DEBUG_INFO = NO;
				SDKROOT = iphoneos;
				TARGETED_DEVICE_FAMILY = "1,2";
				VALIDATE_PRODUCT = YES;
			};
			name = Release;
		};
		9C317CBB1DB65A9C00C56143 /* Debug */ = {
			isa = XCBuildConfiguration;
			buildSettings = {
				ASSETCATALOG_COMPILER_APPICON_NAME = AppIcon;
				INFOPLIST_FILE = "CNN Weather Test/Info.plist";
				LD_RUNPATH_SEARCH_PATHS = "$(inherited) @executable_path/Frameworks";
				PRODUCT_BUNDLE_IDENTIFIER = "com.tjmercer.CNN-Weather-Test";
				PRODUCT_NAME = "$(TARGET_NAME)";
			};
			name = Debug;
		};
		9C317CBC1DB65A9C00C56143 /* Release */ = {
			isa = XCBuildConfiguration;
			buildSettings = {
				ASSETCATALOG_COMPILER_APPICON_NAME = AppIcon;
				INFOPLIST_FILE = "CNN Weather Test/Info.plist";
				LD_RUNPATH_SEARCH_PATHS = "$(inherited) @executable_path/Frameworks";
				PRODUCT_BUNDLE_IDENTIFIER = "com.tjmercer.CNN-Weather-Test";
				PRODUCT_NAME = "$(TARGET_NAME)";
			};
			name = Release;
		};
		9C317CBE1DB65A9C00C56143 /* Debug */ = {
			isa = XCBuildConfiguration;
			buildSettings = {
				BUNDLE_LOADER = "$(TEST_HOST)";
				INFOPLIST_FILE = "CNN Weather TestTests/Info.plist";
				LD_RUNPATH_SEARCH_PATHS = "$(inherited) @executable_path/Frameworks @loader_path/Frameworks";
				PRODUCT_BUNDLE_IDENTIFIER = "com.tjmercer.CNN-Weather-TestTests";
				PRODUCT_NAME = "$(TARGET_NAME)";
				TEST_HOST = "$(BUILT_PRODUCTS_DIR)/CNN Weather Test.app/CNN Weather Test";
			};
			name = Debug;
		};
		9C317CBF1DB65A9C00C56143 /* Release */ = {
			isa = XCBuildConfiguration;
			buildSettings = {
				BUNDLE_LOADER = "$(TEST_HOST)";
				INFOPLIST_FILE = "CNN Weather TestTests/Info.plist";
				LD_RUNPATH_SEARCH_PATHS = "$(inherited) @executable_path/Frameworks @loader_path/Frameworks";
				PRODUCT_BUNDLE_IDENTIFIER = "com.tjmercer.CNN-Weather-TestTests";
				PRODUCT_NAME = "$(TARGET_NAME)";
				TEST_HOST = "$(BUILT_PRODUCTS_DIR)/CNN Weather Test.app/CNN Weather Test";
			};
			name = Release;
		};
		9C317CC11DB65A9C00C56143 /* Debug */ = {
			isa = XCBuildConfiguration;
			buildSettings = {
				INFOPLIST_FILE = "CNN Weather TestUITests/Info.plist";
				LD_RUNPATH_SEARCH_PATHS = "$(inherited) @executable_path/Frameworks @loader_path/Frameworks";
				PRODUCT_BUNDLE_IDENTIFIER = "com.tjmercer.CNN-Weather-TestUITests";
				PRODUCT_NAME = "$(TARGET_NAME)";
				TEST_TARGET_NAME = "CNN Weather Test";
			};
			name = Debug;
		};
		9C317CC21DB65A9C00C56143 /* Release */ = {
			isa = XCBuildConfiguration;
			buildSettings = {
				INFOPLIST_FILE = "CNN Weather TestUITests/Info.plist";
				LD_RUNPATH_SEARCH_PATHS = "$(inherited) @executable_path/Frameworks @loader_path/Frameworks";
				PRODUCT_BUNDLE_IDENTIFIER = "com.tjmercer.CNN-Weather-TestUITests";
				PRODUCT_NAME = "$(TARGET_NAME)";
				TEST_TARGET_NAME = "CNN Weather Test";
			};
			name = Release;
		};
/* End XCBuildConfiguration section */

/* Begin XCConfigurationList section */
		9C317C881DB65A9B00C56143 /* Build configuration list for PBXProject "CNN Weather Test" */ = {
			isa = XCConfigurationList;
			buildConfigurations = (
				9C317CB81DB65A9C00C56143 /* Debug */,
				9C317CB91DB65A9C00C56143 /* Release */,
			);
			defaultConfigurationIsVisible = 0;
			defaultConfigurationName = Release;
		};
		9C317CBA1DB65A9C00C56143 /* Build configuration list for PBXNativeTarget "CNN Weather Test" */ = {
			isa = XCConfigurationList;
			buildConfigurations = (
				9C317CBB1DB65A9C00C56143 /* Debug */,
				9C317CBC1DB65A9C00C56143 /* Release */,
			);
			defaultConfigurationIsVisible = 0;
			defaultConfigurationName = Release;
		};
		9C317CBD1DB65A9C00C56143 /* Build configuration list for PBXNativeTarget "CNN Weather TestTests" */ = {
			isa = XCConfigurationList;
			buildConfigurations = (
				9C317CBE1DB65A9C00C56143 /* Debug */,
				9C317CBF1DB65A9C00C56143 /* Release */,
			);
			defaultConfigurationIsVisible = 0;
			defaultConfigurationName = Release;
		};
		9C317CC01DB65A9C00C56143 /* Build configuration list for PBXNativeTarget "CNN Weather TestUITests" */ = {
			isa = XCConfigurationList;
			buildConfigurations = (
				9C317CC11DB65A9C00C56143 /* Debug */,
				9C317CC21DB65A9C00C56143 /* Release */,
			);
			defaultConfigurationIsVisible = 0;
			defaultConfigurationName = Release;
		};
/* End XCConfigurationList section */
	};
	rootObject = 9C317C851DB65A9B00C56143 /* Project object */;
}
